{"format_version":"1.0","provider_schemas":{"registry.terraform.io/louy/uptimerobot":{"provider":{"version":0,"block":{"attributes":{"api_key":{"type":"string","description_kind":"plain","required":true}},"description_kind":"plain"}},"resource_schemas":{"uptimerobot_alert_contact":{"version":0,"block":{"attributes":{"friendly_name":{"type":"string","description_kind":"plain","required":true},"id":{"type":"string","description_kind":"plain","optional":true,"computed":true},"status":{"type":"string","description_kind":"plain","computed":true},"type":{"type":"string","description_kind":"plain","required":true},"value":{"type":"string","description_kind":"plain","required":true}},"description_kind":"plain"}},"uptimerobot_monitor":{"version":0,"block":{"attributes":{"custom_http_headers":{"type":["map","string"],"description_kind":"plain","optional":true},"friendly_name":{"type":"string","description_kind":"plain","required":true},"http_auth_type":{"type":"string","description_kind":"plain","optional":true},"http_password":{"type":"string","description_kind":"plain","optional":true,"sensitive":true},"http_username":{"type":"string","description_kind":"plain","optional":true},"id":{"type":"string","description_kind":"plain","optional":true,"computed":true},"interval":{"type":"number","description_kind":"plain","optional":true},"keyword_type":{"type":"string","description_kind":"plain","optional":true},"keyword_value":{"type":"string","description_kind":"plain","optional":true},"port":{"type":"number","description_kind":"plain","optional":true},"status":{"type":"string","description_kind":"plain","computed":true},"sub_type":{"type":"string","description_kind":"plain","optional":true},"type":{"type":"string","description_kind":"plain","required":true},"url":{"type":"string","description_kind":"plain","required":true}},"block_types":{"alert_contact":{"nesting_mode":"list","block":{"attributes":{"id":{"type":"string","description_kind":"plain","required":true},"recurrence":{"type":"number","description_kind":"plain","optional":true},"threshold":{"type":"number","description_kind":"plain","optional":true}},"description_kind":"plain"}}},"description_kind":"plain"}},"uptimerobot_status_page":{"version":0,"block":{"attributes":{"custom_domain":{"type":"string","description_kind":"plain","optional":true},"custom_url":{"type":"string","description_kind":"plain","computed":true},"dns_address":{"type":"string","description_kind":"plain","computed":true},"friendly_name":{"type":"string","description_kind":"plain","required":true},"id":{"type":"string","description_kind":"plain","optional":true,"computed":true},"monitors":{"type":["list","number"],"description_kind":"plain","optional":true},"password":{"type":"string","description_kind":"plain","optional":true},"sort":{"type":"string","description_kind":"plain","optional":true},"standard_url":{"type":"string","description_kind":"plain","computed":true},"status":{"type":"string","description_kind":"plain","optional":true}},"description_kind":"plain"}}},"data_source_schemas":{"uptimerobot_account":{"version":0,"block":{"attributes":{"down_monitors":{"type":"number","description_kind":"plain","computed":true},"email":{"type":"string","description_kind":"plain","computed":true},"id":{"type":"string","description_kind":"plain","optional":true,"computed":true},"monitor_interval":{"type":"number","description_kind":"plain","computed":true},"monitor_limit":{"type":"number","description_kind":"plain","computed":true},"paused_monitors":{"type":"number","description_kind":"plain","computed":true},"up_monitors":{"type":"number","description_kind":"plain","computed":true}},"description_kind":"plain"}},"uptimerobot_alert_contact":{"version":0,"block":{"attributes":{"friendly_name":{"type":"string","description_kind":"plain","optional":true},"id":{"type":"string","description_kind":"plain","computed":true},"status":{"type":"string","description_kind":"plain","computed":true},"type":{"type":"string","description_kind":"plain","computed":true},"value":{"type":"string","description_kind":"plain","optional":true}},"description_kind":"plain"}}}}}}
